// !$*UTF8*$!
{
	archiveVersion = 1;
	classes = {
	};
	objectVersion = 46;
	objects = {

/* Begin PBXBuildFile section */
		5FAB04BADCF7E88E93406321 /* Pods_HHFramework.framework in Frameworks */ = {isa = PBXBuildFile; fileRef = 39340DFD60163EBBFFE1F69C /* Pods_HHFramework.framework */; };
		FE33E1E01F2AE2C0003BC178 /* AppDelegate.m in Sources */ = {isa = PBXBuildFile; fileRef = FE33E1D71F2AE2C0003BC178 /* AppDelegate.m */; };
		FE33E1E31F2AE2C0003BC178 /* Info.plist in Resources */ = {isa = PBXBuildFile; fileRef = FE33E1DC1F2AE2C0003BC178 /* Info.plist */; };
		FE33E1E41F2AE2C0003BC178 /* main.m in Sources */ = {isa = PBXBuildFile; fileRef = FE33E1DD1F2AE2C0003BC178 /* main.m */; };
		FE33E1E81F2AE33A003BC178 /* Assets.xcassets in Resources */ = {isa = PBXBuildFile; fileRef = FE33E1E71F2AE33A003BC178 /* Assets.xcassets */; };
		FE33E1EA1F2AE3E8003BC178 /* LaunchScreen.storyboard in Resources */ = {isa = PBXBuildFile; fileRef = FE33E1E91F2AE3E8003BC178 /* LaunchScreen.storyboard */; };
		FE33E1F81F2C525A003BC178 /* UIColor+App.m in Sources */ = {isa = PBXBuildFile; fileRef = FE33E1F51F2C525A003BC178 /* UIColor+App.m */; };
		FE33E1F91F2C525A003BC178 /* UIColor+Hex.m in Sources */ = {isa = PBXBuildFile; fileRef = FE33E1F71F2C525A003BC178 /* UIColor+Hex.m */; };
/* End PBXBuildFile section */

/* Begin PBXFileReference section */
		35878C355733CD99661780EE /* Pods-HHFramework.release.xcconfig */ = {isa = PBXFileReference; includeInIndex = 1; lastKnownFileType = text.xcconfig; name = "Pods-HHFramework.release.xcconfig"; path = "Pods/Target Support Files/Pods-HHFramework/Pods-HHFramework.release.xcconfig"; sourceTree = "<group>"; };
		39340DFD60163EBBFFE1F69C /* Pods_HHFramework.framework */ = {isa = PBXFileReference; explicitFileType = wrapper.framework; includeInIndex = 0; path = Pods_HHFramework.framework; sourceTree = BUILT_PRODUCTS_DIR; };
		D52A3DF468A0A5B8E1F16DC4 /* Pods-HHFramework.debug.xcconfig */ = {isa = PBXFileReference; includeInIndex = 1; lastKnownFileType = text.xcconfig; name = "Pods-HHFramework.debug.xcconfig"; path = "Pods/Target Support Files/Pods-HHFramework/Pods-HHFramework.debug.xcconfig"; sourceTree = "<group>"; };
		FE33E1B71F2AC8B7003BC178 /* HHFramework.app */ = {isa = PBXFileReference; explicitFileType = wrapper.application; includeInIndex = 0; path = HHFramework.app; sourceTree = BUILT_PRODUCTS_DIR; };
		FE33E1D61F2AE2C0003BC178 /* AppDelegate.h */ = {isa = PBXFileReference; fileEncoding = 4; lastKnownFileType = sourcecode.c.h; path = AppDelegate.h; sourceTree = "<group>"; };
		FE33E1D71F2AE2C0003BC178 /* AppDelegate.m */ = {isa = PBXFileReference; fileEncoding = 4; lastKnownFileType = sourcecode.c.objc; path = AppDelegate.m; sourceTree = "<group>"; };
		FE33E1DC1F2AE2C0003BC178 /* Info.plist */ = {isa = PBXFileReference; fileEncoding = 4; lastKnownFileType = text.plist.xml; path = Info.plist; sourceTree = "<group>"; };
		FE33E1DD1F2AE2C0003BC178 /* main.m */ = {isa = PBXFileReference; fileEncoding = 4; lastKnownFileType = sourcecode.c.objc; path = main.m; sourceTree = "<group>"; };
		FE33E1E71F2AE33A003BC178 /* Assets.xcassets */ = {isa = PBXFileReference; lastKnownFileType = folder.assetcatalog; path = Assets.xcassets; sourceTree = "<group>"; };
		FE33E1E91F2AE3E8003BC178 /* LaunchScreen.storyboard */ = {isa = PBXFileReference; fileEncoding = 4; lastKnownFileType = file.storyboard; path = LaunchScreen.storyboard; sourceTree = "<group>"; };
		FE33E1F21F2C5110003BC178 /* GlobalDefine.h */ = {isa = PBXFileReference; lastKnownFileType = sourcecode.c.h; path = GlobalDefine.h; sourceTree = "<group>"; };
		FE33E1F41F2C525A003BC178 /* UIColor+App.h */ = {isa = PBXFileReference; fileEncoding = 4; lastKnownFileType = sourcecode.c.h; path = "UIColor+App.h"; sourceTree = "<group>"; };
		FE33E1F51F2C525A003BC178 /* UIColor+App.m */ = {isa = PBXFileReference; fileEncoding = 4; lastKnownFileType = sourcecode.c.objc; path = "UIColor+App.m"; sourceTree = "<group>"; };
		FE33E1F61F2C525A003BC178 /* UIColor+Hex.h */ = {isa = PBXFileReference; fileEncoding = 4; lastKnownFileType = sourcecode.c.h; path = "UIColor+Hex.h"; sourceTree = "<group>"; };
		FE33E1F71F2C525A003BC178 /* UIColor+Hex.m */ = {isa = PBXFileReference; fileEncoding = 4; lastKnownFileType = sourcecode.c.objc; path = "UIColor+Hex.m"; sourceTree = "<group>"; };
		FE33E2201F2C8F6D003BC178 /* PrefixHeader.pch */ = {isa = PBXFileReference; lastKnownFileType = sourcecode.c.h; path = PrefixHeader.pch; sourceTree = "<group>"; };
/* End PBXFileReference section */

/* Begin PBXFrameworksBuildPhase section */
		FE33E1B41F2AC8B7003BC178 /* Frameworks */ = {
			isa = PBXFrameworksBuildPhase;
			buildActionMask = 2147483647;
			files = (
				5FAB04BADCF7E88E93406321 /* Pods_HHFramework.framework in Frameworks */,
			);
			runOnlyForDeploymentPostprocessing = 0;
		};
/* End PBXFrameworksBuildPhase section */

/* Begin PBXGroup section */
		5FFE19C8913682BBA9F7DAF3 /* Frameworks */ = {
			isa = PBXGroup;
			children = (
				39340DFD60163EBBFFE1F69C /* Pods_HHFramework.framework */,
			);
			name = Frameworks;
			sourceTree = "<group>";
		};
		ADC9ECBDF0D05C5EA574C33B /* Pods */ = {
			isa = PBXGroup;
			children = (
				D52A3DF468A0A5B8E1F16DC4 /* Pods-HHFramework.debug.xcconfig */,
				35878C355733CD99661780EE /* Pods-HHFramework.release.xcconfig */,
			);
			name = Pods;
			sourceTree = "<group>";
		};
		FE33E1AE1F2AC8B7003BC178 = {
			isa = PBXGroup;
			children = (
				FE33E1B91F2AC8B7003BC178 /* HHFramework */,
				FE33E1B81F2AC8B7003BC178 /* Products */,
				ADC9ECBDF0D05C5EA574C33B /* Pods */,
				5FFE19C8913682BBA9F7DAF3 /* Frameworks */,
			);
			sourceTree = "<group>";
		};
		FE33E1B81F2AC8B7003BC178 /* Products */ = {
			isa = PBXGroup;
			children = (
				FE33E1B71F2AC8B7003BC178 /* HHFramework.app */,
			);
			name = Products;
			sourceTree = "<group>";
		};
		FE33E1B91F2AC8B7003BC178 /* HHFramework */ = {
			isa = PBXGroup;
			children = (
				FE33E1EB1F2AE436003BC178 /* MainClass */,
				FE33E1EC1F2AE469003BC178 /* ThirdPart */,
				FE33E1E61F2AE31E003BC178 /* Resource */,
				FE33E1F01F2C50AF003BC178 /* Public */,
				FE33E1ED1F2C500E003BC178 /* Utils */,
				FE33E1D51F2AE205003BC178 /* AppFlies */,
			);
			path = HHFramework;
			sourceTree = "<group>";
		};
		FE33E1D51F2AE205003BC178 /* AppFlies */ = {
			isa = PBXGroup;
			children = (
				FE33E1D61F2AE2C0003BC178 /* AppDelegate.h */,
				FE33E1D71F2AE2C0003BC178 /* AppDelegate.m */,
				FE33E1E91F2AE3E8003BC178 /* LaunchScreen.storyboard */,
				FE33E1DC1F2AE2C0003BC178 /* Info.plist */,
				FE33E1DD1F2AE2C0003BC178 /* main.m */,
				FE33E2201F2C8F6D003BC178 /* PrefixHeader.pch */,
			);
			path = AppFlies;
			sourceTree = "<group>";
		};
		FE33E1E61F2AE31E003BC178 /* Resource */ = {
			isa = PBXGroup;
			children = (
				FE33E1E71F2AE33A003BC178 /* Assets.xcassets */,
			);
			path = Resource;
			sourceTree = "<group>";
		};
		FE33E1EB1F2AE436003BC178 /* MainClass */ = {
			isa = PBXGroup;
			children = (
			);
			path = MainClass;
			sourceTree = "<group>";
		};
		FE33E1EC1F2AE469003BC178 /* ThirdPart */ = {
			isa = PBXGroup;
			children = (
			);
			path = ThirdPart;
			sourceTree = "<group>";
		};
		FE33E1ED1F2C500E003BC178 /* Utils */ = {
			isa = PBXGroup;
			children = (
				FE33E1EF1F2C5098003BC178 /* Category */,
			);
			path = Utils;
			sourceTree = "<group>";
		};
		FE33E1EF1F2C5098003BC178 /* Category */ = {
			isa = PBXGroup;
			children = (
				FE33E1F31F2C524C003BC178 /* FontColor */,
			);
			path = Category;
			sourceTree = "<group>";
		};
		FE33E1F01F2C50AF003BC178 /* Public */ = {
			isa = PBXGroup;
			children = (
				FE33E1F11F2C50EE003BC178 /* GlobalDefines */,
			);
			path = Public;
			sourceTree = "<group>";
		};
		FE33E1F11F2C50EE003BC178 /* GlobalDefines */ = {
			isa = PBXGroup;
			children = (
				FE33E1F21F2C5110003BC178 /* GlobalDefine.h */,
			);
			path = GlobalDefines;
			sourceTree = "<group>";
		};
		FE33E1F31F2C524C003BC178 /* FontColor */ = {
			isa = PBXGroup;
			children = (
				FE33E1F41F2C525A003BC178 /* UIColor+App.h */,
				FE33E1F51F2C525A003BC178 /* UIColor+App.m */,
				FE33E1F61F2C525A003BC178 /* UIColor+Hex.h */,
				FE33E1F71F2C525A003BC178 /* UIColor+Hex.m */,
			);
			path = FontColor;
			sourceTree = "<group>";
		};
/* End PBXGroup section */

/* Begin PBXNativeTarget section */
		FE33E1B61F2AC8B7003BC178 /* HHFramework */ = {
			isa = PBXNativeTarget;
			buildConfigurationList = FE33E1CE1F2AC8B7003BC178 /* Build configuration list for PBXNativeTarget "HHFramework" */;
			buildPhases = (
				7A2613C90FED85AB0248A176 /* [CP] Check Pods Manifest.lock */,
				FE33E1B31F2AC8B7003BC178 /* Sources */,
				FE33E1B41F2AC8B7003BC178 /* Frameworks */,
				FE33E1B51F2AC8B7003BC178 /* Resources */,
				C4595B83E28E7D1FF11C34B5 /* [CP] Embed Pods Frameworks */,
				0BB5CC0589AEA11B0AEB94EF /* [CP] Copy Pods Resources */,
			);
			buildRules = (
			);
			dependencies = (
			);
			name = HHFramework;
			productName = HHFramework;
			productReference = FE33E1B71F2AC8B7003BC178 /* HHFramework.app */;
			productType = "com.apple.product-type.application";
		};
/* End PBXNativeTarget section */

/* Begin PBXProject section */
		FE33E1AF1F2AC8B7003BC178 /* Project object */ = {
			isa = PBXProject;
			attributes = {
				LastUpgradeCheck = 0830;
				ORGANIZATIONNAME = chh;
				TargetAttributes = {
					FE33E1B61F2AC8B7003BC178 = {
						CreatedOnToolsVersion = 8.3.3;
						DevelopmentTeam = 2M227336GQ;
						ProvisioningStyle = Automatic;
					};
				};
			};
			buildConfigurationList = FE33E1B21F2AC8B7003BC178 /* Build configuration list for PBXProject "HHFramework" */;
			compatibilityVersion = "Xcode 3.2";
			developmentRegion = English;
			hasScannedForEncodings = 0;
			knownRegions = (
				en,
				Base,
			);
			mainGroup = FE33E1AE1F2AC8B7003BC178;
			productRefGroup = FE33E1B81F2AC8B7003BC178 /* Products */;
			projectDirPath = "";
			projectRoot = "";
			targets = (
				FE33E1B61F2AC8B7003BC178 /* HHFramework */,
			);
		};
/* End PBXProject section */

/* Begin PBXResourcesBuildPhase section */
		FE33E1B51F2AC8B7003BC178 /* Resources */ = {
			isa = PBXResourcesBuildPhase;
			buildActionMask = 2147483647;
			files = (
				FE33E1EA1F2AE3E8003BC178 /* LaunchScreen.storyboard in Resources */,
				FE33E1E81F2AE33A003BC178 /* Assets.xcassets in Resources */,
				FE33E1E31F2AE2C0003BC178 /* Info.plist in Resources */,
			);
			runOnlyForDeploymentPostprocessing = 0;
		};
/* End PBXResourcesBuildPhase section */

/* Begin PBXShellScriptBuildPhase section */
		0BB5CC0589AEA11B0AEB94EF /* [CP] Copy Pods Resources */ = {
			isa = PBXShellScriptBuildPhase;
			buildActionMask = 2147483647;
			files = (
			);
			inputPaths = (
			);
			name = "[CP] Copy Pods Resources";
			outputPaths = (
			);
			runOnlyForDeploymentPostprocessing = 0;
			shellPath = /bin/sh;
			shellScript = "\"${SRCROOT}/Pods/Target Support Files/Pods-HHFramework/Pods-HHFramework-resources.sh\"\n";
			showEnvVarsInLog = 0;
		};
		7A2613C90FED85AB0248A176 /* [CP] Check Pods Manifest.lock */ = {
			isa = PBXShellScriptBuildPhase;
			buildActionMask = 2147483647;
			files = (
			);
			inputPaths = (
			);
			name = "[CP] Check Pods Manifest.lock";
			outputPaths = (
			);
			runOnlyForDeploymentPostprocessing = 0;
			shellPath = /bin/sh;
			shellScript = "diff \"${PODS_PODFILE_DIR_PATH}/Podfile.lock\" \"${PODS_ROOT}/Manifest.lock\" > /dev/null\nif [ $? != 0 ] ; then\n    # print error to STDERR\n    echo \"error: The sandbox is not in sync with the Podfile.lock. Run 'pod install' or update your CocoaPods installation.\" >&2\n    exit 1\nfi\n";
			showEnvVarsInLog = 0;
		};
		C4595B83E28E7D1FF11C34B5 /* [CP] Embed Pods Frameworks */ = {
			isa = PBXShellScriptBuildPhase;
			buildActionMask = 2147483647;
			files = (
			);
			inputPaths = (
			);
			name = "[CP] Embed Pods Frameworks";
			outputPaths = (
			);
			runOnlyForDeploymentPostprocessing = 0;
			shellPath = /bin/sh;
			shellScript = "\"${SRCROOT}/Pods/Target Support Files/Pods-HHFramework/Pods-HHFramework-frameworks.sh\"\n";
			showEnvVarsInLog = 0;
		};
/* End PBXShellScriptBuildPhase section */

/* Begin PBXSourcesBuildPhase section */
		FE33E1B31F2AC8B7003BC178 /* Sources */ = {
			isa = PBXSourcesBuildPhase;
			buildActionMask = 2147483647;
			files = (
				FE33E1E41F2AE2C0003BC178 /* main.m in Sources */,
				FE33E1F91F2C525A003BC178 /* UIColor+Hex.m in Sources */,
				FE33E1F81F2C525A003BC178 /* UIColor+App.m in Sources */,
				FE33E1E01F2AE2C0003BC178 /* AppDelegate.m in Sources */,
			);
			runOnlyForDeploymentPostprocessing = 0;
		};
/* End PBXSourcesBuildPhase section */

/* Begin XCBuildConfiguration section */
		FE33E1CC1F2AC8B7003BC178 /* Debug */ = {
			isa = XCBuildConfiguration;
			buildSettings = {
				ALWAYS_SEARCH_USER_PATHS = NO;
				CLANG_ANALYZER_NONNULL = YES;
				CLANG_ANALYZER_NUMBER_OBJECT_CONVERSION = YES_AGGRESSIVE;
				CLANG_CXX_LANGUAGE_STANDARD = "gnu++0x";
				CLANG_CXX_LIBRARY = "libc++";
				CLANG_ENABLE_MODULES = YES;
				CLANG_ENABLE_OBJC_ARC = YES;
				CLANG_WARN_BOOL_CONVERSION = YES;
				CLANG_WARN_CONSTANT_CONVERSION = YES;
				CLANG_WARN_DIRECT_OBJC_ISA_USAGE = YES_ERROR;
				CLANG_WARN_DOCUMENTATION_COMMENTS = YES;
				CLANG_WARN_EMPTY_BODY = YES;
				CLANG_WARN_ENUM_CONVERSION = YES;
				CLANG_WARN_INFINITE_RECURSION = YES;
				CLANG_WARN_INT_CONVERSION = YES;
				CLANG_WARN_OBJC_ROOT_CLASS = YES_ERROR;
				CLANG_WARN_SUSPICIOUS_MOVE = YES;
				CLANG_WARN_UNREACHABLE_CODE = YES;
				CLANG_WARN__DUPLICATE_METHOD_MATCH = YES;
				"CODE_SIGN_IDENTITY[sdk=iphoneos*]" = "iPhone Developer";
				COPY_PHASE_STRIP = NO;
				DEBUG_INFORMATION_FORMAT = dwarf;
				ENABLE_STRICT_OBJC_MSGSEND = YES;
				ENABLE_TESTABILITY = YES;
				GCC_C_LANGUAGE_STANDARD = gnu99;
				GCC_DYNAMIC_NO_PIC = NO;
				GCC_NO_COMMON_BLOCKS = YES;
				GCC_OPTIMIZATION_LEVEL = 0;
				GCC_PREPROCESSOR_DEFINITIONS = (
					"DEBUG=1",
					"$(inherited)",
				);
				GCC_WARN_64_TO_32_BIT_CONVERSION = YES;
				GCC_WARN_ABOUT_RETURN_TYPE = YES_ERROR;
				GCC_WARN_UNDECLARED_SELECTOR = YES;
				GCC_WARN_UNINITIALIZED_AUTOS = YES_AGGRESSIVE;
				GCC_WARN_UNUSED_FUNCTION = YES;
				GCC_WARN_UNUSED_VARIABLE = YES;
				IPHONEOS_DEPLOYMENT_TARGET = 10.3;
				MTL_ENABLE_DEBUG_INFO = YES;
				ONLY_ACTIVE_ARCH = YES;
				SDKROOT = iphoneos;
				TARGETED_DEVICE_FAMILY = "1,2";
			};
			name = Debug;
		};
		FE33E1CD1F2AC8B7003BC178 /* Release */ = {
			isa = XCBuildConfiguration;
			buildSettings = {
				ALWAYS_SEARCH_USER_PATHS = NO;
				CLANG_ANALYZER_NONNULL = YES;
				CLANG_ANALYZER_NUMBER_OBJECT_CONVERSION = YES_AGGRESSIVE;
				CLANG_CXX_LANGUAGE_STANDARD = "gnu++0x";
				CLANG_CXX_LIBRARY = "libc++";
				CLANG_ENABLE_MODULES = YES;
				CLANG_ENABLE_OBJC_ARC = YES;
				CLANG_WARN_BOOL_CONVERSION = YES;
				CLANG_WARN_CONSTANT_CONVERSION = YES;
				CLANG_WARN_DIRECT_OBJC_ISA_USAGE = YES_ERROR;
				CLANG_WARN_DOCUMENTATION_COMMENTS = YES;
				CLANG_WARN_EMPTY_BODY = YES;
				CLANG_WARN_ENUM_CONVERSION = YES;
				CLANG_WARN_INFINITE_RECURSION = YES;
				CLANG_WARN_INT_CONVERSION = YES;
				CLANG_WARN_OBJC_ROOT_CLASS = YES_ERROR;
				CLANG_WARN_SUSPICIOUS_MOVE = YES;
				CLANG_WARN_UNREACHABLE_CODE = YES;
				CLANG_WARN__DUPLICATE_METHOD_MATCH = YES;
				"CODE_SIGN_IDENTITY[sdk=iphoneos*]" = "iPhone Developer";
				COPY_PHASE_STRIP = NO;
				DEBUG_INFORMATION_FORMAT = "dwarf-with-dsym";
				ENABLE_NS_ASSERTIONS = NO;
				ENABLE_STRICT_OBJC_MSGSEND = YES;
				GCC_C_LANGUAGE_STANDARD = gnu99;
				GCC_NO_COMMON_BLOCKS = YES;
				GCC_WARN_64_TO_32_BIT_CONVERSION = YES;
				GCC_WARN_ABOUT_RETURN_TYPE = YES_ERROR;
				GCC_WARN_UNDECLARED_SELECTOR = YES;
				GCC_WARN_UNINITIALIZED_AUTOS = YES_AGGRESSIVE;
				GCC_WARN_UNUSED_FUNCTION = YES;
				GCC_WARN_UNUSED_VARIABLE = YES;
				IPHONEOS_DEPLOYMENT_TARGET = 10.3;
				MTL_ENABLE_DEBUG_INFO = NO;
				SDKROOT = iphoneos;
				TARGETED_DEVICE_FAMILY = "1,2";
				VALIDATE_PRODUCT = YES;
			};
			name = Release;
		};
		FE33E1CF1F2AC8B7003BC178 /* Debug */ = {
			isa = XCBuildConfiguration;
			baseConfigurationReference = D52A3DF468A0A5B8E1F16DC4 /* Pods-HHFramework.debug.xcconfig */;
			buildSettings = {
				ASSETCATALOG_COMPILER_APPICON_NAME = AppIcon;
				ASSETCATALOG_COMPILER_LAUNCHIMAGE_NAME = LaunchImage;
				DEVELOPMENT_TEAM = 2M227336GQ;
				INFOPLIST_FILE = "$(SRCROOT)/HHFramework/AppFlies/Info.plist";
				LD_RUNPATH_SEARCH_PATHS = "$(inherited) @executable_path/Frameworks";
				PRODUCT_BUNDLE_IDENTIFIER = com.find.HHFramework;
				PRODUCT_NAME = "$(TARGET_NAME)";
				TARGETED_DEVICE_FAMILY = "1,2";
			};
			name = Debug;
		};
		FE33E1D01F2AC8B7003BC178 /* Release */ = {
			isa = XCBuildConfiguration;
			baseConfigurationReference = 35878C355733CD99661780EE /* Pods-HHFramework.release.xcconfig */;
			buildSettings = {
				ASSETCATALOG_COMPILER_APPICON_NAME = AppIcon;
				ASSETCATALOG_COMPILER_LAUNCHIMAGE_NAME = LaunchImage;
				DEVELOPMENT_TEAM = 2M227336GQ;
				INFOPLIST_FILE = "$(SRCROOT)/HHFramework/AppFlies/Info.plist";
				LD_RUNPATH_SEARCH_PATHS = "$(inherited) @executable_path/Frameworks";
				PRODUCT_BUNDLE_IDENTIFIER = com.find.HHFramework;
				PRODUCT_NAME = "$(TARGET_NAME)";
				TARGETED_DEVICE_FAMILY = "1,2";
			};
			name = Release;
		};
/* End XCBuildConfiguration section */

/* Begin XCConfigurationList section */
		FE33E1B21F2AC8B7003BC178 /* Build configuration list for PBXProject "HHFramework" */ = {
			isa = XCConfigurationList;
			buildConfigurations = (
				FE33E1CC1F2AC8B7003BC178 /* Debug */,
				FE33E1CD1F2AC8B7003BC178 /* Release */,
			);
			defaultConfigurationIsVisible = 0;
			defaultConfigurationName = Release;
		};
		FE33E1CE1F2AC8B7003BC178 /* Build configuration list for PBXNativeTarget "HHFramework" */ = {
			isa = XCConfigurationList;
			buildConfigurations = (
				FE33E1CF1F2AC8B7003BC178 /* Debug */,
				FE33E1D01F2AC8B7003BC178 /* Release */,
			);
			defaultConfigurationIsVisible = 0;
			defaultConfigurationName = Release;
		};
/* End XCConfigurationList section */
	};
	rootObject = FE33E1AF1F2AC8B7003BC178 /* Project object */;
}
